{
  "name": "React",
  "lockfileVersion": 3,
  "requires": true,
  "packages": {
    "": {
      "dependencies": {
        "create-vite": "^4.2.0"
      }
    },
    "node_modules/create-vite": {
      "version": "4.2.0",
      "resolved": "https://registry.npmjs.org/create-vite/-/create-vite-4.2.0.tgz",
      "integrity": "sha512-nQ/24h33RFu+SRzYAcxVnkE/+SZsQTaaN5uTrnigetFUQkDy3n8Gf2m8lqgMprR/LBq8C7zEhYNdKQiulmdcNg==",
      "bin": {
        "create-vite": "index.js",
        "cva": "index.js"
      },
      "engines": {
        "node": "^14.18.0 || >=16.0.0"
      }
    }
  }
}
